<?xml version="1.0" encoding="utf-8"?>
<Project ToolsVersion="4.0" xmlns="http://schemas.microsoft.com/developer/msbuild/2003">
  <ItemGroup>
    <Filter Include="Source Files">
      <UniqueIdentifier>{4FC737F1-C7A5-4376-A066-2A32D752A2FF}</UniqueIdentifier>
      <Extensions>cpp;c;cc;cxx;def;odl;idl;hpj;bat;asm;asmx</Extensions>
    </Filter>
    <Filter Include="Header Files">
      <UniqueIdentifier>{93995380-89BD-4b04-88EB-625FBE52EBFB}</UniqueIdentifier>
      <Extensions>h;hpp;hxx;hm;inl;inc;xsd</Extensions>
    </Filter>
    <Filter Include="Resource Files">
      <UniqueIdentifier>{67DA6AB6-F800-4c08-8B7A-83BB121AAD01}</UniqueIdentifier>
      <Extensions>rc;ico;cur;bmp;dlg;rc2;rct;bin;rgs;gif;jpg;jpeg;jpe;resx;tiff;tif;png;wav;mfcribbon-ms</Extensions>
    </Filter>
  </ItemGroup>
  <ItemGroup>
    <Text Include="ReadMe.txt" />
  </ItemGroup>
  <ItemGroup>
    <ClInclude Include="FXTFTradingService.h">
      <Filter>Header Files</Filter>
    </ClInclude>
    <ClInclude Include="FXTFTradingServiceDlg.h">
      <Filter>Header Files</Filter>
    </ClInclude>
    <ClInclude Include="stdafx.h">
      <Filter>Header Files</Filter>
    </ClInclude>
    <ClInclude Include="targetver.h">
      <Filter>Header Files</Filter>
    </ClInclude>
    <ClInclude Include="Resource.h">
      <Filter>Header Files</Filter>
    </ClInclude>
    <ClInclude Include="..\Common\Constant.h">
      <Filter>Header Files</Filter>
    </ClInclude>
    <ClInclude Include="..\Common\CSVFile.h">
      <Filter>Header Files</Filter>
    </ClInclude>
    <ClInclude Include="..\Common\FXTFLog.h">
      <Filter>Header Files</Filter>
    </ClInclude>
    <ClInclude Include="..\Common\ini.h">
      <Filter>Header Files</Filter>
    </ClInclude>
    <ClInclude Include="..\Model\DepositMoneyModel.h">
      <Filter>Header Files</Filter>
    </ClInclude>
    <ClInclude Include="..\Common\SingletonClass.h">
      <Filter>Header Files</Filter>
    </ClInclude>
    <ClInclude Include="MT4ManagerAPI.h">
      <Filter>Header Files</Filter>
    </ClInclude>
    <ClInclude Include="MT4ManagerAPIConnection.h">
      <Filter>Header Files</Filter>
    </ClInclude>
    <ClInclude Include="..\Operation\DepositMoneyOperation.h">
      <Filter>Header Files</Filter>
    </ClInclude>
    <ClInclude Include="..\Operation\OpenPositionOperation.h">
      <Filter>Header Files</Filter>
    </ClInclude>
    <ClInclude Include="..\Model\OpenPositionModel.h">
      <Filter>Header Files</Filter>
    </ClInclude>
    <ClInclude Include="..\Operation\CreateUserOperation.h">
      <Filter>Header Files</Filter>
    </ClInclude>
    <ClInclude Include="..\Common\ParseConfigFile.h">
      <Filter>Header Files</Filter>
    </ClInclude>
    <ClInclude Include="..\Model\CreateUserModel.h">
      <Filter>Header Files</Filter>
    </ClInclude>
    <ClInclude Include="..\Operation\CreateGroupsSymbolMargins.h">
      <Filter>Header Files</Filter>
    </ClInclude>
  </ItemGroup>
  <ItemGroup>
    <ClCompile Include="FXTFTradingService.cpp">
      <Filter>Source Files</Filter>
    </ClCompile>
    <ClCompile Include="FXTFTradingServiceDlg.cpp">
      <Filter>Source Files</Filter>
    </ClCompile>
    <ClCompile Include="stdafx.cpp">
      <Filter>Source Files</Filter>
    </ClCompile>
    <ClCompile Include="..\Common\CSVFile.cpp">
      <Filter>Source Files</Filter>
    </ClCompile>
    <ClCompile Include="..\Common\FXTFLog.cpp">
      <Filter>Source Files</Filter>
    </ClCompile>
    <ClCompile Include="..\Common\ini.c">
      <Filter>Source Files</Filter>
    </ClCompile>
    <ClCompile Include="..\Model\DepositMoneyModel.cpp">
      <Filter>Source Files</Filter>
    </ClCompile>
    <ClCompile Include="..\Common\SingletonClass.cpp">
      <Filter>Source Files</Filter>
    </ClCompile>
    <ClCompile Include="MT4ManagerAPIConnection.cpp">
      <Filter>Source Files</Filter>
    </ClCompile>
    <ClCompile Include="..\Operation\DepositMoneyOperation.cpp">
      <Filter>Source Files</Filter>
    </ClCompile>
    <ClCompile Include="..\Operation\OpenPositionOperation.cpp">
      <Filter>Source Files</Filter>
    </ClCompile>
    <ClCompile Include="..\Model\OpenPositionModel.cpp">
      <Filter>Source Files</Filter>
    </ClCompile>
    <ClCompile Include="..\Operation\CreateUserOperation.cpp">
      <Filter>Source Files</Filter>
    </ClCompile>
    <ClCompile Include="..\Common\ParseConfigFile.cpp">
      <Filter>Source Files</Filter>
    </ClCompile>
    <ClCompile Include="..\Model\CreateUserModel.cpp">
      <Filter>Source Files</Filter>
    </ClCompile>
    <ClCompile Include="..\Operation\CreateGroupsSymbolMargins.cpp">
      <Filter>Source Files</Filter>
    </ClCompile>
  </ItemGroup>
  <ItemGroup>
    <ResourceCompile Include="FXTFTradingService.rc">
      <Filter>Resource Files</Filter>
    </ResourceCompile>
  </ItemGroup>
  <ItemGroup>
    <None Include="res\FXTFTradingService.rc2">
      <Filter>Resource Files</Filter>
    </None>
  </ItemGroup>
  <ItemGroup>
    <Image Include="res\FXTFTradingService.ico">
      <Filter>Resource Files</Filter>
    </Image>
  </ItemGroup>
</Project>